
Microsoft Visual Studio Solution File, Format Version 12.00
# Visual Studio 15
VisualStudioVersion = 15.0.26730.12
MinimumVisualStudioVersion = 10.0.40219.1
Project("{9A19103F-16F7-4668-BE54-9A1E7A4F7556}") = "SqlFirst.Providers.MsSqlServer", "SqlFirst.Providers.MsSqlServer\SqlFirst.Providers.MsSqlServer.csproj", "{0C30FCB4-E211-4BF0-AF6C-F69F01D84146}"
EndProject
Project("{9A19103F-16F7-4668-BE54-9A1E7A4F7556}") = "SqlFirst.Core", "SqlFirst.Core\SqlFirst.Core.csproj", "{C9BF930A-BE65-4155-9FE3-CC9A72F45977}"
EndProject
Project("{2150E333-8FDC-42A3-9474-1A3956D46DE8}") = "Tests", "Tests", "{55F1C8F5-98D5-4C13-BFE8-8794EF8FFB29}"
EndProject
Project("{FAE04EC0-301F-11D3-BF4B-00C04F79EFBC}") = "SqlFirst.Core.Tests", "SqlFirst.Core.Tests\SqlFirst.Core.Tests.csproj", "{F71D0D6A-1829-44B7-9681-590FB9AA1D5E}"
EndProject
Project("{FAE04EC0-301F-11D3-BF4B-00C04F79EFBC}") = "SqlFirst.Providers.MsSqlServer.Tests", "SqlFirst.Providers.MsSqlServer.Tests\SqlFirst.Providers.MsSqlServer.Tests.csproj", "{0FE71CEE-301C-41DB-A0EB-550A6684F480}"
EndProject
Project("{FAE04EC0-301F-11D3-BF4B-00C04F79EFBC}") = "SqlFirst.Codegen", "SqlFirst.Codegen\SqlFirst.Codegen.csproj", "{683B849E-2ACD-4B8D-B58F-0A002EA1A3CB}"
EndProject
Global
	GlobalSection(SolutionConfigurationPlatforms) = preSolution
		Debug|Any CPU = Debug|Any CPU
		Release|Any CPU = Release|Any CPU
	EndGlobalSection
	GlobalSection(ProjectConfigurationPlatforms) = postSolution
		{0C30FCB4-E211-4BF0-AF6C-F69F01D84146}.Debug|Any CPU.ActiveCfg = Debug|Any CPU
		{0C30FCB4-E211-4BF0-AF6C-F69F01D84146}.Debug|Any CPU.Build.0 = Debug|Any CPU
		{0C30FCB4-E211-4BF0-AF6C-F69F01D84146}.Release|Any CPU.ActiveCfg = Release|Any CPU
		{0C30FCB4-E211-4BF0-AF6C-F69F01D84146}.Release|Any CPU.Build.0 = Release|Any CPU
		{C9BF930A-BE65-4155-9FE3-CC9A72F45977}.Debug|Any CPU.ActiveCfg = Debug|Any CPU
		{C9BF930A-BE65-4155-9FE3-CC9A72F45977}.Debug|Any CPU.Build.0 = Debug|Any CPU
		{C9BF930A-BE65-4155-9FE3-CC9A72F45977}.Release|Any CPU.ActiveCfg = Release|Any CPU
		{C9BF930A-BE65-4155-9FE3-CC9A72F45977}.Release|Any CPU.Build.0 = Release|Any CPU
		{F71D0D6A-1829-44B7-9681-590FB9AA1D5E}.Debug|Any CPU.ActiveCfg = Debug|Any CPU
		{F71D0D6A-1829-44B7-9681-590FB9AA1D5E}.Debug|Any CPU.Build.0 = Debug|Any CPU
		{F71D0D6A-1829-44B7-9681-590FB9AA1D5E}.Release|Any CPU.ActiveCfg = Release|Any CPU
		{F71D0D6A-1829-44B7-9681-590FB9AA1D5E}.Release|Any CPU.Build.0 = Release|Any CPU
		{0FE71CEE-301C-41DB-A0EB-550A6684F480}.Debug|Any CPU.ActiveCfg = Debug|Any CPU
		{0FE71CEE-301C-41DB-A0EB-550A6684F480}.Debug|Any CPU.Build.0 = Debug|Any CPU
		{0FE71CEE-301C-41DB-A0EB-550A6684F480}.Release|Any CPU.ActiveCfg = Release|Any CPU
		{0FE71CEE-301C-41DB-A0EB-550A6684F480}.Release|Any CPU.Build.0 = Release|Any CPU
		{683B849E-2ACD-4B8D-B58F-0A002EA1A3CB}.Debug|Any CPU.ActiveCfg = Debug|Any CPU
		{683B849E-2ACD-4B8D-B58F-0A002EA1A3CB}.Debug|Any CPU.Build.0 = Debug|Any CPU
		{683B849E-2ACD-4B8D-B58F-0A002EA1A3CB}.Release|Any CPU.ActiveCfg = Release|Any CPU
		{683B849E-2ACD-4B8D-B58F-0A002EA1A3CB}.Release|Any CPU.Build.0 = Release|Any CPU
	EndGlobalSection
	GlobalSection(SolutionProperties) = preSolution
		HideSolutionNode = FALSE
	EndGlobalSection
	GlobalSection(NestedProjects) = preSolution
		{F71D0D6A-1829-44B7-9681-590FB9AA1D5E} = {55F1C8F5-98D5-4C13-BFE8-8794EF8FFB29}
		{0FE71CEE-301C-41DB-A0EB-550A6684F480} = {55F1C8F5-98D5-4C13-BFE8-8794EF8FFB29}
	EndGlobalSection
	GlobalSection(ExtensibilityGlobals) = postSolution
		SolutionGuid = {1EAC2A1F-C598-46CC-A81C-EB229C2336CB}
	EndGlobalSection
EndGlobal
