
Microsoft Visual Studio Solution File, Format Version 12.00
# Visual Studio 15
VisualStudioVersion = 15.0.27130.2020
MinimumVisualStudioVersion = 10.0.40219.1
Project("{9A19103F-16F7-4668-BE54-9A1E7A4F7556}") = "SqlFirst.Providers.MsSqlServer", "SqlFirst.Providers.MsSqlServer\SqlFirst.Providers.MsSqlServer.csproj", "{0C30FCB4-E211-4BF0-AF6C-F69F01D84146}"
EndProject
Project("{9A19103F-16F7-4668-BE54-9A1E7A4F7556}") = "SqlFirst.Core", "SqlFirst.Core\SqlFirst.Core.csproj", "{C9BF930A-BE65-4155-9FE3-CC9A72F45977}"
EndProject
Project("{2150E333-8FDC-42A3-9474-1A3956D46DE8}") = "Tests", "Tests", "{55F1C8F5-98D5-4C13-BFE8-8794EF8FFB29}"
EndProject
Project("{9A19103F-16F7-4668-BE54-9A1E7A4F7556}") = "SqlFirst.Codegen", "SqlFirst.Codegen\SqlFirst.Codegen.csproj", "{683B849E-2ACD-4B8D-B58F-0A002EA1A3CB}"
EndProject
Project("{9A19103F-16F7-4668-BE54-9A1E7A4F7556}") = "SqlFirst.Codegen.Text", "SqlFirst.Codegen.Text\SqlFirst.Codegen.Text.csproj", "{3D20A6F1-62C4-43A4-B7BC-1F3929E4F5EB}"
EndProject
Project("{9A19103F-16F7-4668-BE54-9A1E7A4F7556}") = "SqlFirst.Providers.MsSqlServer.Tests", "SqlFirst.Providers.MsSqlServer.Tests\SqlFirst.Providers.MsSqlServer.Tests.csproj", "{C7F8BCAF-3F83-47A5-AD1B-4FB7207A0CF2}"
EndProject
Project("{9A19103F-16F7-4668-BE54-9A1E7A4F7556}") = "SqlFirst.Core.Tests", "SqlFirst.Core.Tests\SqlFirst.Core.Tests.csproj", "{2B5DC943-3D8C-4907-8C17-E1CA8CF48884}"
EndProject
Project("{9A19103F-16F7-4668-BE54-9A1E7A4F7556}") = "SqlFirst.Codegen.Text.Tests", "SqlFirst.Codegen.Text.Tests\SqlFirst.Codegen.Text.Tests.csproj", "{6E74E324-C352-4E49-8300-E6B6F026056C}"
EndProject
Project("{FAE04EC0-301F-11D3-BF4B-00C04F79EFBC}") = "SqlFirst.Demo.Wpf", "SqlFirst.Demo.Wpf\SqlFirst.Demo.Wpf.csproj", "{CA93EFE4-B5D7-4B6C-970A-7DF6191CEDD4}"
EndProject
Project("{9A19103F-16F7-4668-BE54-9A1E7A4F7556}") = "SqlFirst.Codegen.Tests", "SqlFirst.Codegen.Tests\SqlFirst.Codegen.Tests.csproj", "{6FDE0FED-4681-4B0E-BDEF-357A2E992D6F}"
EndProject
Project("{9A19103F-16F7-4668-BE54-9A1E7A4F7556}") = "SqlFirst.Providers.Postgres", "SqlFirst.Providers.Postgres\SqlFirst.Providers.Postgres.csproj", "{A3B53EE7-3AA4-4C30-B81A-9DBD7D3EBADD}"
EndProject
Project("{9A19103F-16F7-4668-BE54-9A1E7A4F7556}") = "SqlFirst.Providers.Postgres.Tests", "SqlFirst.Providers.Postgres.Tests\SqlFirst.Providers.Postgres.Tests.csproj", "{B0DA8034-4C34-400F-A1E1-178389900153}"
EndProject
Project("{2150E333-8FDC-42A3-9474-1A3956D46DE8}") = "Providers", "Providers", "{0ED800C1-A297-4D72-911F-35469DAA062C}"
EndProject
Project("{2150E333-8FDC-42A3-9474-1A3956D46DE8}") = "Tools", "Tools", "{53A28636-3958-4F47-82AB-3B3D689C0433}"
EndProject
Project("{9A19103F-16F7-4668-BE54-9A1E7A4F7556}") = "SqlFirst.VisualStudio.ExternalTool", "SqlFirst.VisualStudio.ExternalTool\SqlFirst.VisualStudio.ExternalTool.csproj", "{14E1EB4F-B8AE-40E4-8AB7-7FC3578AEDC5}"
EndProject
Global
	GlobalSection(SolutionConfigurationPlatforms) = preSolution
		Debug|Any CPU = Debug|Any CPU
		Release|Any CPU = Release|Any CPU
	EndGlobalSection
	GlobalSection(ProjectConfigurationPlatforms) = postSolution
		{0C30FCB4-E211-4BF0-AF6C-F69F01D84146}.Debug|Any CPU.ActiveCfg = Debug|Any CPU
		{0C30FCB4-E211-4BF0-AF6C-F69F01D84146}.Debug|Any CPU.Build.0 = Debug|Any CPU
		{0C30FCB4-E211-4BF0-AF6C-F69F01D84146}.Release|Any CPU.ActiveCfg = Release|Any CPU
		{0C30FCB4-E211-4BF0-AF6C-F69F01D84146}.Release|Any CPU.Build.0 = Release|Any CPU
		{C9BF930A-BE65-4155-9FE3-CC9A72F45977}.Debug|Any CPU.ActiveCfg = Debug|Any CPU
		{C9BF930A-BE65-4155-9FE3-CC9A72F45977}.Debug|Any CPU.Build.0 = Debug|Any CPU
		{C9BF930A-BE65-4155-9FE3-CC9A72F45977}.Release|Any CPU.ActiveCfg = Release|Any CPU
		{C9BF930A-BE65-4155-9FE3-CC9A72F45977}.Release|Any CPU.Build.0 = Release|Any CPU
		{683B849E-2ACD-4B8D-B58F-0A002EA1A3CB}.Debug|Any CPU.ActiveCfg = Debug|Any CPU
		{683B849E-2ACD-4B8D-B58F-0A002EA1A3CB}.Debug|Any CPU.Build.0 = Debug|Any CPU
		{683B849E-2ACD-4B8D-B58F-0A002EA1A3CB}.Release|Any CPU.ActiveCfg = Release|Any CPU
		{683B849E-2ACD-4B8D-B58F-0A002EA1A3CB}.Release|Any CPU.Build.0 = Release|Any CPU
		{3D20A6F1-62C4-43A4-B7BC-1F3929E4F5EB}.Debug|Any CPU.ActiveCfg = Debug|Any CPU
		{3D20A6F1-62C4-43A4-B7BC-1F3929E4F5EB}.Debug|Any CPU.Build.0 = Debug|Any CPU
		{3D20A6F1-62C4-43A4-B7BC-1F3929E4F5EB}.Release|Any CPU.ActiveCfg = Release|Any CPU
		{3D20A6F1-62C4-43A4-B7BC-1F3929E4F5EB}.Release|Any CPU.Build.0 = Release|Any CPU
		{C7F8BCAF-3F83-47A5-AD1B-4FB7207A0CF2}.Debug|Any CPU.ActiveCfg = Debug|Any CPU
		{C7F8BCAF-3F83-47A5-AD1B-4FB7207A0CF2}.Debug|Any CPU.Build.0 = Debug|Any CPU
		{C7F8BCAF-3F83-47A5-AD1B-4FB7207A0CF2}.Release|Any CPU.ActiveCfg = Release|Any CPU
		{C7F8BCAF-3F83-47A5-AD1B-4FB7207A0CF2}.Release|Any CPU.Build.0 = Release|Any CPU
		{2B5DC943-3D8C-4907-8C17-E1CA8CF48884}.Debug|Any CPU.ActiveCfg = Debug|Any CPU
		{2B5DC943-3D8C-4907-8C17-E1CA8CF48884}.Debug|Any CPU.Build.0 = Debug|Any CPU
		{2B5DC943-3D8C-4907-8C17-E1CA8CF48884}.Release|Any CPU.ActiveCfg = Release|Any CPU
		{2B5DC943-3D8C-4907-8C17-E1CA8CF48884}.Release|Any CPU.Build.0 = Release|Any CPU
		{6E74E324-C352-4E49-8300-E6B6F026056C}.Debug|Any CPU.ActiveCfg = Debug|Any CPU
		{6E74E324-C352-4E49-8300-E6B6F026056C}.Debug|Any CPU.Build.0 = Debug|Any CPU
		{6E74E324-C352-4E49-8300-E6B6F026056C}.Release|Any CPU.ActiveCfg = Release|Any CPU
		{6E74E324-C352-4E49-8300-E6B6F026056C}.Release|Any CPU.Build.0 = Release|Any CPU
		{CA93EFE4-B5D7-4B6C-970A-7DF6191CEDD4}.Debug|Any CPU.ActiveCfg = Debug|Any CPU
		{CA93EFE4-B5D7-4B6C-970A-7DF6191CEDD4}.Debug|Any CPU.Build.0 = Debug|Any CPU
		{CA93EFE4-B5D7-4B6C-970A-7DF6191CEDD4}.Release|Any CPU.ActiveCfg = Release|Any CPU
		{CA93EFE4-B5D7-4B6C-970A-7DF6191CEDD4}.Release|Any CPU.Build.0 = Release|Any CPU
		{6FDE0FED-4681-4B0E-BDEF-357A2E992D6F}.Debug|Any CPU.ActiveCfg = Debug|Any CPU
		{6FDE0FED-4681-4B0E-BDEF-357A2E992D6F}.Debug|Any CPU.Build.0 = Debug|Any CPU
		{6FDE0FED-4681-4B0E-BDEF-357A2E992D6F}.Release|Any CPU.ActiveCfg = Release|Any CPU
		{6FDE0FED-4681-4B0E-BDEF-357A2E992D6F}.Release|Any CPU.Build.0 = Release|Any CPU
		{A3B53EE7-3AA4-4C30-B81A-9DBD7D3EBADD}.Debug|Any CPU.ActiveCfg = Debug|Any CPU
		{A3B53EE7-3AA4-4C30-B81A-9DBD7D3EBADD}.Debug|Any CPU.Build.0 = Debug|Any CPU
		{A3B53EE7-3AA4-4C30-B81A-9DBD7D3EBADD}.Release|Any CPU.ActiveCfg = Release|Any CPU
		{A3B53EE7-3AA4-4C30-B81A-9DBD7D3EBADD}.Release|Any CPU.Build.0 = Release|Any CPU
		{B0DA8034-4C34-400F-A1E1-178389900153}.Debug|Any CPU.ActiveCfg = Debug|Any CPU
		{B0DA8034-4C34-400F-A1E1-178389900153}.Debug|Any CPU.Build.0 = Debug|Any CPU
		{B0DA8034-4C34-400F-A1E1-178389900153}.Release|Any CPU.ActiveCfg = Release|Any CPU
		{B0DA8034-4C34-400F-A1E1-178389900153}.Release|Any CPU.Build.0 = Release|Any CPU
		{14E1EB4F-B8AE-40E4-8AB7-7FC3578AEDC5}.Debug|Any CPU.ActiveCfg = Debug|Any CPU
		{14E1EB4F-B8AE-40E4-8AB7-7FC3578AEDC5}.Debug|Any CPU.Build.0 = Debug|Any CPU
		{14E1EB4F-B8AE-40E4-8AB7-7FC3578AEDC5}.Release|Any CPU.ActiveCfg = Release|Any CPU
		{14E1EB4F-B8AE-40E4-8AB7-7FC3578AEDC5}.Release|Any CPU.Build.0 = Release|Any CPU
	EndGlobalSection
	GlobalSection(SolutionProperties) = preSolution
		HideSolutionNode = FALSE
	EndGlobalSection
	GlobalSection(NestedProjects) = preSolution
		{0C30FCB4-E211-4BF0-AF6C-F69F01D84146} = {0ED800C1-A297-4D72-911F-35469DAA062C}
		{C7F8BCAF-3F83-47A5-AD1B-4FB7207A0CF2} = {55F1C8F5-98D5-4C13-BFE8-8794EF8FFB29}
		{2B5DC943-3D8C-4907-8C17-E1CA8CF48884} = {55F1C8F5-98D5-4C13-BFE8-8794EF8FFB29}
		{6E74E324-C352-4E49-8300-E6B6F026056C} = {55F1C8F5-98D5-4C13-BFE8-8794EF8FFB29}
		{CA93EFE4-B5D7-4B6C-970A-7DF6191CEDD4} = {53A28636-3958-4F47-82AB-3B3D689C0433}
		{6FDE0FED-4681-4B0E-BDEF-357A2E992D6F} = {55F1C8F5-98D5-4C13-BFE8-8794EF8FFB29}
		{A3B53EE7-3AA4-4C30-B81A-9DBD7D3EBADD} = {0ED800C1-A297-4D72-911F-35469DAA062C}
		{B0DA8034-4C34-400F-A1E1-178389900153} = {55F1C8F5-98D5-4C13-BFE8-8794EF8FFB29}
		{14E1EB4F-B8AE-40E4-8AB7-7FC3578AEDC5} = {53A28636-3958-4F47-82AB-3B3D689C0433}
	EndGlobalSection
	GlobalSection(ExtensibilityGlobals) = postSolution
		SolutionGuid = {1EAC2A1F-C598-46CC-A81C-EB229C2336CB}
	EndGlobalSection
EndGlobal
